
Microsoft Visual Studio Solution File, Format Version 12.00
# Visual Studio 15
VisualStudioVersion = 15.0.33026.149
MinimumVisualStudioVersion = 10.0.40219.1
Project("{FAE04EC0-301F-11D3-BF4B-00C04F79EFBC}") = "WPFMVVMPractice", "WPFMVVMPractice\WPFMVVMPractice.csproj", "{87720823-0343-4580-8646-73E12C0196E1}"
EndProject
Global
	GlobalSection(SolutionConfigurationPlatforms) = preSolution
		Debug|Any CPU = Debug|Any CPU
		Release|Any CPU = Release|Any CPU
	EndGlobalSection
	GlobalSection(ProjectConfigurationPlatforms) = postSolution
		{87720823-0343-4580-8646-73E12C0196E1}.Debug|Any CPU.ActiveCfg = Debug|Any CPU
		{87720823-0343-4580-8646-73E12C0196E1}.Debug|Any CPU.Build.0 = Debug|Any CPU
		{87720823-0343-4580-8646-73E12C0196E1}.Release|Any CPU.ActiveCfg = Release|Any CPU
		{87720823-0343-4580-8646-73E12C0196E1}.Release|Any CPU.Build.0 = Release|Any CPU
	EndGlobalSection
	GlobalSection(SolutionProperties) = preSolution
		HideSolutionNode = FALSE
	EndGlobalSection
	GlobalSection(ExtensibilityGlobals) = postSolution
		SolutionGuid = {CD8B568D-31A2-455C-8579-3C3AF817BC46}
	EndGlobalSection
EndGlobal
